
Microsoft Visual Studio Solution File, Format Version 12.00
# Visual Studio 15
VisualStudioVersion = 15.0.27130.2010
MinimumVisualStudioVersion = 10.0.40219.1
Project("{FAE04EC0-301F-11D3-BF4B-00C04F79EFBC}") = "SAW.Core", "SAW.Core\SAW.Core.csproj", "{502D94F7-4CB0-4720-A087-261751523F5B}"
EndProject
Global
	GlobalSection(SolutionConfigurationPlatforms) = preSolution
		Debug|Any CPU = Debug|Any CPU
		Release|Any CPU = Release|Any CPU
	EndGlobalSection
	GlobalSection(ProjectConfigurationPlatforms) = postSolution
		{502D94F7-4CB0-4720-A087-261751523F5B}.Debug|Any CPU.ActiveCfg = Debug|Any CPU
		{502D94F7-4CB0-4720-A087-261751523F5B}.Debug|Any CPU.Build.0 = Debug|Any CPU
		{502D94F7-4CB0-4720-A087-261751523F5B}.Release|Any CPU.ActiveCfg = Release|Any CPU
		{502D94F7-4CB0-4720-A087-261751523F5B}.Release|Any CPU.Build.0 = Release|Any CPU
	EndGlobalSection
	GlobalSection(SolutionProperties) = preSolution
		HideSolutionNode = FALSE
	EndGlobalSection
	GlobalSection(ExtensibilityGlobals) = postSolution
		SolutionGuid = {D77350A8-902A-43CD-87D9-8FB8272557B9}
	EndGlobalSection
EndGlobal
